
Microsoft Visual Studio Solution File, Format Version 12.00
Project("{2150E333-8FDC-42A3-9474-1A3956D46DE8}") = "Solution Items", "Solution Items", "{71CA298B-EBEB-449D-BF15-8BEA26AA674C}"
	ProjectSection(SolutionItems) = preProject
		.editorconfig = .editorconfig
		.gitignore = .gitignore
		Directory.Build.props = Directory.Build.props
		Directory.Build.targets = Directory.Build.targets
		Directory.Packages.props = Directory.Packages.props
		LICENSE = LICENSE
	EndProjectSection
EndProject
Project("{FAE04EC0-301F-11D3-BF4B-00C04F79EFBC}") = "Spriggit.Core", "Spriggit.Core\Spriggit.Core.csproj", "{632DE160-804B-4AFB-8470-B3F70A339320}"
EndProject
Project("{FAE04EC0-301F-11D3-BF4B-00C04F79EFBC}") = "Spriggit.CLI", "Spriggit.CLI\Spriggit.CLI.csproj", "{F4DEA8C8-1BE4-44DD-88D7-7711C5865BAA}"
EndProject
Project("{FAE04EC0-301F-11D3-BF4B-00C04F79EFBC}") = "Spriggit.Tests", "Spriggit.Tests\Spriggit.Tests.csproj", "{B9FDF9CB-EC20-43BC-BC69-9A04B07D9DD6}"
EndProject
Project("{FAE04EC0-301F-11D3-BF4B-00C04F79EFBC}") = "Spriggit.Engine", "Spriggit.Engine\Spriggit.Engine.csproj", "{D1FE94AE-ED7F-4CD8-920B-791CAC9DEC1C}"
EndProject
Project("{2150E333-8FDC-42A3-9474-1A3956D46DE8}") = "Translation Packages", "Translation Packages", "{DCBFCD4D-ACDC-46CC-A84B-2E0B22923476}"
EndProject
Project("{FAE04EC0-301F-11D3-BF4B-00C04F79EFBC}") = "Spriggit.Json.Oblivion", "Translation Packages\Spriggit.Json.Oblivion\Spriggit.Json.Oblivion.csproj", "{F3F72F7B-1857-431C-979F-EBC337C27795}"
EndProject
Project("{FAE04EC0-301F-11D3-BF4B-00C04F79EFBC}") = "Spriggit.Json.Skyrim", "Translation Packages\Spriggit.Json.Skyrim\Spriggit.Json.Skyrim.csproj", "{45CDEB94-26BC-4B22-B9E3-EB94D59A5E06}"
EndProject
Project("{FAE04EC0-301F-11D3-BF4B-00C04F79EFBC}") = "Spriggit.Yaml.Oblivion", "Translation Packages\Spriggit.Yaml.Oblivion\Spriggit.Yaml.Oblivion.csproj", "{C387347A-133F-42F7-960E-17C7A17245F7}"
EndProject
Project("{FAE04EC0-301F-11D3-BF4B-00C04F79EFBC}") = "Spriggit.Yaml.Skyrim", "Translation Packages\Spriggit.Yaml.Skyrim\Spriggit.Yaml.Skyrim.csproj", "{A429D3A9-3455-486E-ABD6-95F552203D39}"
EndProject
Project("{FAE04EC0-301F-11D3-BF4B-00C04F79EFBC}") = "Spriggit.Yaml.Starfield", "Translation Packages\Spriggit.Yaml.Starfield\Spriggit.Yaml.Starfield.csproj", "{50520869-EAC4-446A-81A6-D75AE063D44A}"
EndProject
Project("{FAE04EC0-301F-11D3-BF4B-00C04F79EFBC}") = "Spriggit.Json.Starfield", "Translation Packages\Spriggit.Json.Starfield\Spriggit.Json.Starfield.csproj", "{DA1EB95D-301D-483E-B5AA-26070E89543D}"
EndProject
Project("{FAE04EC0-301F-11D3-BF4B-00C04F79EFBC}") = "Spriggit.Json.Fallout4", "Translation Packages\Spriggit.Json.Fallout4\Spriggit.Json.Fallout4.csproj", "{5EB94BCA-0B24-413B-8D83-AC476F3AB8F5}"
EndProject
Project("{FAE04EC0-301F-11D3-BF4B-00C04F79EFBC}") = "Spriggit.Yaml.Fallout4", "Translation Packages\Spriggit.Yaml.Fallout4\Spriggit.Yaml.Fallout4.csproj", "{FEA07ABD-4963-4274-92DE-5595F6DDFE4A}"
EndProject
Global
	GlobalSection(SolutionConfigurationPlatforms) = preSolution
		Debug|Any CPU = Debug|Any CPU
		Release|Any CPU = Release|Any CPU
	EndGlobalSection
	GlobalSection(ProjectConfigurationPlatforms) = postSolution
		{632DE160-804B-4AFB-8470-B3F70A339320}.Debug|Any CPU.ActiveCfg = Debug|Any CPU
		{632DE160-804B-4AFB-8470-B3F70A339320}.Debug|Any CPU.Build.0 = Debug|Any CPU
		{632DE160-804B-4AFB-8470-B3F70A339320}.Release|Any CPU.ActiveCfg = Release|Any CPU
		{632DE160-804B-4AFB-8470-B3F70A339320}.Release|Any CPU.Build.0 = Release|Any CPU
		{F4DEA8C8-1BE4-44DD-88D7-7711C5865BAA}.Debug|Any CPU.ActiveCfg = Debug|Any CPU
		{F4DEA8C8-1BE4-44DD-88D7-7711C5865BAA}.Debug|Any CPU.Build.0 = Debug|Any CPU
		{F4DEA8C8-1BE4-44DD-88D7-7711C5865BAA}.Release|Any CPU.ActiveCfg = Release|Any CPU
		{F4DEA8C8-1BE4-44DD-88D7-7711C5865BAA}.Release|Any CPU.Build.0 = Release|Any CPU
		{B9FDF9CB-EC20-43BC-BC69-9A04B07D9DD6}.Debug|Any CPU.ActiveCfg = Debug|Any CPU
		{B9FDF9CB-EC20-43BC-BC69-9A04B07D9DD6}.Debug|Any CPU.Build.0 = Debug|Any CPU
		{B9FDF9CB-EC20-43BC-BC69-9A04B07D9DD6}.Release|Any CPU.ActiveCfg = Release|Any CPU
		{B9FDF9CB-EC20-43BC-BC69-9A04B07D9DD6}.Release|Any CPU.Build.0 = Release|Any CPU
		{D1FE94AE-ED7F-4CD8-920B-791CAC9DEC1C}.Debug|Any CPU.ActiveCfg = Debug|Any CPU
		{D1FE94AE-ED7F-4CD8-920B-791CAC9DEC1C}.Debug|Any CPU.Build.0 = Debug|Any CPU
		{D1FE94AE-ED7F-4CD8-920B-791CAC9DEC1C}.Release|Any CPU.ActiveCfg = Release|Any CPU
		{D1FE94AE-ED7F-4CD8-920B-791CAC9DEC1C}.Release|Any CPU.Build.0 = Release|Any CPU
		{F3F72F7B-1857-431C-979F-EBC337C27795}.Debug|Any CPU.ActiveCfg = Debug|Any CPU
		{F3F72F7B-1857-431C-979F-EBC337C27795}.Debug|Any CPU.Build.0 = Debug|Any CPU
		{F3F72F7B-1857-431C-979F-EBC337C27795}.Release|Any CPU.ActiveCfg = Release|Any CPU
		{F3F72F7B-1857-431C-979F-EBC337C27795}.Release|Any CPU.Build.0 = Release|Any CPU
		{45CDEB94-26BC-4B22-B9E3-EB94D59A5E06}.Debug|Any CPU.ActiveCfg = Debug|Any CPU
		{45CDEB94-26BC-4B22-B9E3-EB94D59A5E06}.Debug|Any CPU.Build.0 = Debug|Any CPU
		{45CDEB94-26BC-4B22-B9E3-EB94D59A5E06}.Release|Any CPU.ActiveCfg = Release|Any CPU
		{45CDEB94-26BC-4B22-B9E3-EB94D59A5E06}.Release|Any CPU.Build.0 = Release|Any CPU
		{C387347A-133F-42F7-960E-17C7A17245F7}.Debug|Any CPU.ActiveCfg = Debug|Any CPU
		{C387347A-133F-42F7-960E-17C7A17245F7}.Debug|Any CPU.Build.0 = Debug|Any CPU
		{C387347A-133F-42F7-960E-17C7A17245F7}.Release|Any CPU.ActiveCfg = Release|Any CPU
		{C387347A-133F-42F7-960E-17C7A17245F7}.Release|Any CPU.Build.0 = Release|Any CPU
		{A429D3A9-3455-486E-ABD6-95F552203D39}.Debug|Any CPU.ActiveCfg = Debug|Any CPU
		{A429D3A9-3455-486E-ABD6-95F552203D39}.Debug|Any CPU.Build.0 = Debug|Any CPU
		{A429D3A9-3455-486E-ABD6-95F552203D39}.Release|Any CPU.ActiveCfg = Release|Any CPU
		{A429D3A9-3455-486E-ABD6-95F552203D39}.Release|Any CPU.Build.0 = Release|Any CPU
		{50520869-EAC4-446A-81A6-D75AE063D44A}.Debug|Any CPU.ActiveCfg = Debug|Any CPU
		{50520869-EAC4-446A-81A6-D75AE063D44A}.Debug|Any CPU.Build.0 = Debug|Any CPU
		{50520869-EAC4-446A-81A6-D75AE063D44A}.Release|Any CPU.ActiveCfg = Release|Any CPU
		{50520869-EAC4-446A-81A6-D75AE063D44A}.Release|Any CPU.Build.0 = Release|Any CPU
		{DA1EB95D-301D-483E-B5AA-26070E89543D}.Debug|Any CPU.ActiveCfg = Debug|Any CPU
		{DA1EB95D-301D-483E-B5AA-26070E89543D}.Debug|Any CPU.Build.0 = Debug|Any CPU
		{DA1EB95D-301D-483E-B5AA-26070E89543D}.Release|Any CPU.ActiveCfg = Release|Any CPU
		{DA1EB95D-301D-483E-B5AA-26070E89543D}.Release|Any CPU.Build.0 = Release|Any CPU
		{5EB94BCA-0B24-413B-8D83-AC476F3AB8F5}.Debug|Any CPU.ActiveCfg = Debug|Any CPU
		{5EB94BCA-0B24-413B-8D83-AC476F3AB8F5}.Debug|Any CPU.Build.0 = Debug|Any CPU
		{5EB94BCA-0B24-413B-8D83-AC476F3AB8F5}.Release|Any CPU.ActiveCfg = Release|Any CPU
		{5EB94BCA-0B24-413B-8D83-AC476F3AB8F5}.Release|Any CPU.Build.0 = Release|Any CPU
		{FEA07ABD-4963-4274-92DE-5595F6DDFE4A}.Debug|Any CPU.ActiveCfg = Debug|Any CPU
		{FEA07ABD-4963-4274-92DE-5595F6DDFE4A}.Debug|Any CPU.Build.0 = Debug|Any CPU
		{FEA07ABD-4963-4274-92DE-5595F6DDFE4A}.Release|Any CPU.ActiveCfg = Release|Any CPU
		{FEA07ABD-4963-4274-92DE-5595F6DDFE4A}.Release|Any CPU.Build.0 = Release|Any CPU
	EndGlobalSection
	GlobalSection(NestedProjects) = preSolution
		{F3F72F7B-1857-431C-979F-EBC337C27795} = {DCBFCD4D-ACDC-46CC-A84B-2E0B22923476}
		{45CDEB94-26BC-4B22-B9E3-EB94D59A5E06} = {DCBFCD4D-ACDC-46CC-A84B-2E0B22923476}
		{C387347A-133F-42F7-960E-17C7A17245F7} = {DCBFCD4D-ACDC-46CC-A84B-2E0B22923476}
		{A429D3A9-3455-486E-ABD6-95F552203D39} = {DCBFCD4D-ACDC-46CC-A84B-2E0B22923476}
		{50520869-EAC4-446A-81A6-D75AE063D44A} = {DCBFCD4D-ACDC-46CC-A84B-2E0B22923476}
		{DA1EB95D-301D-483E-B5AA-26070E89543D} = {DCBFCD4D-ACDC-46CC-A84B-2E0B22923476}
		{5EB94BCA-0B24-413B-8D83-AC476F3AB8F5} = {DCBFCD4D-ACDC-46CC-A84B-2E0B22923476}
		{FEA07ABD-4963-4274-92DE-5595F6DDFE4A} = {DCBFCD4D-ACDC-46CC-A84B-2E0B22923476}
	EndGlobalSection
EndGlobal
