
Microsoft Visual Studio Solution File, Format Version 12.00
Project("{FAE04EC0-301F-11D3-BF4B-00C04F79EFBC}") = "Spriggit", "Spriggit\Spriggit.csproj", "{DBCEE39B-7930-4609-B7DE-1B7BDEE7F2C4}"
EndProject
Project("{2150E333-8FDC-42A3-9474-1A3956D46DE8}") = "Solution Items", "Solution Items", "{71CA298B-EBEB-449D-BF15-8BEA26AA674C}"
	ProjectSection(SolutionItems) = preProject
		.editorconfig = .editorconfig
		.gitignore = .gitignore
		Directory.Build.props = Directory.Build.props
		Directory.Build.targets = Directory.Build.targets
		Directory.Packages.props = Directory.Packages.props
		LICENSE = LICENSE
	EndProjectSection
EndProject
Project("{FAE04EC0-301F-11D3-BF4B-00C04F79EFBC}") = "Spriggit.Core", "Spriggit.Core\Spriggit.Core.csproj", "{632DE160-804B-4AFB-8470-B3F70A339320}"
EndProject
Project("{FAE04EC0-301F-11D3-BF4B-00C04F79EFBC}") = "Spriggit.CLI", "Spriggit.CLI\Spriggit.CLI.csproj", "{F4DEA8C8-1BE4-44DD-88D7-7711C5865BAA}"
EndProject
Project("{FAE04EC0-301F-11D3-BF4B-00C04F79EFBC}") = "Spriggit.Tests", "Spriggit.Tests\Spriggit.Tests.csproj", "{B9FDF9CB-EC20-43BC-BC69-9A04B07D9DD6}"
EndProject
Project("{FAE04EC0-301F-11D3-BF4B-00C04F79EFBC}") = "Spriggit.Json.Skyrim", "Spriggit.Json.Skyrim\Spriggit.Json.Skyrim.csproj", "{9A0F5227-2D90-45A3-B2E5-018096A04EF6}"
EndProject
Project("{FAE04EC0-301F-11D3-BF4B-00C04F79EFBC}") = "Spriggit.Yaml.Skyrim", "Spriggit.Yaml.Skyrim\Spriggit.Yaml.Skyrim.csproj", "{8F9DD66D-F191-4221-98D0-0659293A442D}"
EndProject
Project("{FAE04EC0-301F-11D3-BF4B-00C04F79EFBC}") = "Spriggit.Engine", "Spriggit.Engine\Spriggit.Engine.csproj", "{D1FE94AE-ED7F-4CD8-920B-791CAC9DEC1C}"
EndProject
Project("{FAE04EC0-301F-11D3-BF4B-00C04F79EFBC}") = "Spriggit.UI", "Spriggit.UI\Spriggit.UI.csproj", "{3D0F2999-8E79-4CAC-9804-971EFC6EDA21}"
EndProject
Global
	GlobalSection(SolutionConfigurationPlatforms) = preSolution
		Debug|Any CPU = Debug|Any CPU
		Release|Any CPU = Release|Any CPU
	EndGlobalSection
	GlobalSection(ProjectConfigurationPlatforms) = postSolution
		{DBCEE39B-7930-4609-B7DE-1B7BDEE7F2C4}.Debug|Any CPU.ActiveCfg = Debug|Any CPU
		{DBCEE39B-7930-4609-B7DE-1B7BDEE7F2C4}.Debug|Any CPU.Build.0 = Debug|Any CPU
		{DBCEE39B-7930-4609-B7DE-1B7BDEE7F2C4}.Release|Any CPU.ActiveCfg = Release|Any CPU
		{DBCEE39B-7930-4609-B7DE-1B7BDEE7F2C4}.Release|Any CPU.Build.0 = Release|Any CPU
		{632DE160-804B-4AFB-8470-B3F70A339320}.Debug|Any CPU.ActiveCfg = Debug|Any CPU
		{632DE160-804B-4AFB-8470-B3F70A339320}.Debug|Any CPU.Build.0 = Debug|Any CPU
		{632DE160-804B-4AFB-8470-B3F70A339320}.Release|Any CPU.ActiveCfg = Release|Any CPU
		{632DE160-804B-4AFB-8470-B3F70A339320}.Release|Any CPU.Build.0 = Release|Any CPU
		{F4DEA8C8-1BE4-44DD-88D7-7711C5865BAA}.Debug|Any CPU.ActiveCfg = Debug|Any CPU
		{F4DEA8C8-1BE4-44DD-88D7-7711C5865BAA}.Debug|Any CPU.Build.0 = Debug|Any CPU
		{F4DEA8C8-1BE4-44DD-88D7-7711C5865BAA}.Release|Any CPU.ActiveCfg = Release|Any CPU
		{F4DEA8C8-1BE4-44DD-88D7-7711C5865BAA}.Release|Any CPU.Build.0 = Release|Any CPU
		{B9FDF9CB-EC20-43BC-BC69-9A04B07D9DD6}.Debug|Any CPU.ActiveCfg = Debug|Any CPU
		{B9FDF9CB-EC20-43BC-BC69-9A04B07D9DD6}.Debug|Any CPU.Build.0 = Debug|Any CPU
		{B9FDF9CB-EC20-43BC-BC69-9A04B07D9DD6}.Release|Any CPU.ActiveCfg = Release|Any CPU
		{B9FDF9CB-EC20-43BC-BC69-9A04B07D9DD6}.Release|Any CPU.Build.0 = Release|Any CPU
		{9A0F5227-2D90-45A3-B2E5-018096A04EF6}.Debug|Any CPU.ActiveCfg = Debug|Any CPU
		{9A0F5227-2D90-45A3-B2E5-018096A04EF6}.Debug|Any CPU.Build.0 = Debug|Any CPU
		{9A0F5227-2D90-45A3-B2E5-018096A04EF6}.Release|Any CPU.ActiveCfg = Release|Any CPU
		{9A0F5227-2D90-45A3-B2E5-018096A04EF6}.Release|Any CPU.Build.0 = Release|Any CPU
		{8F9DD66D-F191-4221-98D0-0659293A442D}.Debug|Any CPU.ActiveCfg = Debug|Any CPU
		{8F9DD66D-F191-4221-98D0-0659293A442D}.Debug|Any CPU.Build.0 = Debug|Any CPU
		{8F9DD66D-F191-4221-98D0-0659293A442D}.Release|Any CPU.ActiveCfg = Release|Any CPU
		{8F9DD66D-F191-4221-98D0-0659293A442D}.Release|Any CPU.Build.0 = Release|Any CPU
		{D1FE94AE-ED7F-4CD8-920B-791CAC9DEC1C}.Debug|Any CPU.ActiveCfg = Debug|Any CPU
		{D1FE94AE-ED7F-4CD8-920B-791CAC9DEC1C}.Debug|Any CPU.Build.0 = Debug|Any CPU
		{D1FE94AE-ED7F-4CD8-920B-791CAC9DEC1C}.Release|Any CPU.ActiveCfg = Release|Any CPU
		{D1FE94AE-ED7F-4CD8-920B-791CAC9DEC1C}.Release|Any CPU.Build.0 = Release|Any CPU
		{3D0F2999-8E79-4CAC-9804-971EFC6EDA21}.Debug|Any CPU.ActiveCfg = Debug|Any CPU
		{3D0F2999-8E79-4CAC-9804-971EFC6EDA21}.Debug|Any CPU.Build.0 = Debug|Any CPU
		{3D0F2999-8E79-4CAC-9804-971EFC6EDA21}.Release|Any CPU.ActiveCfg = Release|Any CPU
		{3D0F2999-8E79-4CAC-9804-971EFC6EDA21}.Release|Any CPU.Build.0 = Release|Any CPU
	EndGlobalSection
EndGlobal
